
Microsoft Visual Studio Solution File, Format Version 12.00
# Visual Studio Version 16
VisualStudioVersion = 16.0.28407.52
MinimumVisualStudioVersion = 10.0.40219.1
Project("{9A19103F-16F7-4668-BE54-9A1E7A4F7556}") = "Fireasy.Common", "src\Fireasy.Common\Fireasy.Common.csproj", "{E534FE1A-BD42-4508-B848-FA8B37312AD5}"
EndProject
Project("{9A19103F-16F7-4668-BE54-9A1E7A4F7556}") = "Fireasy.Data", "src\Fireasy.Data\Fireasy.Data.csproj", "{8F96CFEC-6AA9-416B-94DB-87B2F7FAC951}"
EndProject
Project("{9A19103F-16F7-4668-BE54-9A1E7A4F7556}") = "Fireasy.Data.Entity", "src\Fireasy.Data.Entity\Fireasy.Data.Entity.csproj", "{8E21D3B6-389A-4ABC-9A82-B1212E6C517E}"
EndProject
Project("{9A19103F-16F7-4668-BE54-9A1E7A4F7556}") = "Fireasy.Common.Tests", "test\Fireasy.Common.Tests\Fireasy.Common.Tests.csproj", "{FA1593D6-BC48-4588-8931-3EEF92FF5D24}"
EndProject
Project("{2150E333-8FDC-42A3-9474-1A3956D46DE8}") = "src", "src", "{C17CFE8E-2A64-4E6E-9720-4C8681AF3DC3}"
EndProject
Project("{2150E333-8FDC-42A3-9474-1A3956D46DE8}") = "test", "test", "{9E3A93FF-A335-4546-93AC-6DD95595FA71}"
EndProject
Project("{9A19103F-16F7-4668-BE54-9A1E7A4F7556}") = "Fireasy.Data.Tests", "test\Fireasy.Data.Tests\Fireasy.Data.Tests.csproj", "{0525F7FD-026A-44C5-9EEF-1C8402B9DF78}"
EndProject
Project("{9A19103F-16F7-4668-BE54-9A1E7A4F7556}") = "Fireasy.Data.Entity.Tests", "test\Fireasy.Data.Entity.Tests\Fireasy.Data.Entity.Tests.csproj", "{2F97AF7D-F43F-4E73-97BE-F0FC8775BB5A}"
EndProject
Project("{9A19103F-16F7-4668-BE54-9A1E7A4F7556}") = "Fireasy.Web.Mvc", "src\Fireasy.Web.Mvc\Fireasy.Web.Mvc.csproj", "{A6FBD2A1-F109-4E5B-B931-0980B066E303}"
EndProject
Project("{9A19103F-16F7-4668-BE54-9A1E7A4F7556}") = "Fireasy.Web.EasyUI", "src\Fireasy.Web.EasyUI\Fireasy.Web.EasyUI.csproj", "{16809094-E5D6-4271-9C19-A947F787B288}"
EndProject
Project("{2150E333-8FDC-42A3-9474-1A3956D46DE8}") = "documents", "documents", "{0C5F83FE-0C82-499C-9A78-3E11195149FE}"
	ProjectSection(SolutionItems) = preProject
		documents\class.dgml = documents\class.dgml
	EndProjectSection
EndProject
Project("{9A19103F-16F7-4668-BE54-9A1E7A4F7556}") = "Fireasy.Windows.Forms", "src\Fireasy.Windows.Forms\Fireasy.Windows.Forms.csproj", "{12B62972-48DB-4A40-9406-0BF1F4BD41A9}"
EndProject
Project("{2150E333-8FDC-42A3-9474-1A3956D46DE8}") = "impl", "impl", "{19E2EB7D-D0D9-4457-AD22-AE43723E0930}"
EndProject
Project("{9A19103F-16F7-4668-BE54-9A1E7A4F7556}") = "Fireasy.Redis", "src\Fireasy.Redis\Fireasy.Redis.csproj", "{A7A7033A-B471-47CD-A103-6AD4D822B2B4}"
EndProject
Project("{9A19103F-16F7-4668-BE54-9A1E7A4F7556}") = "Fireasy.Web.Http", "src\Fireasy.Web.Http\Fireasy.Web.Http.csproj", "{4075E57A-FDFB-4DF0-A698-023D2B9AF78A}"
EndProject
Project("{9A19103F-16F7-4668-BE54-9A1E7A4F7556}") = "Fireasy.MongoDB", "src\Fireasy.MongoDB\Fireasy.MongoDB.csproj", "{739E0CCA-AFAC-4E01-940D-0D2A600EF299}"
EndProject
Project("{9A19103F-16F7-4668-BE54-9A1E7A4F7556}") = "Fireasy.Log4net", "src\Fireasy.Log4net\Fireasy.Log4net.csproj", "{5FBE6BB3-D367-4609-949A-2A3BB4123D15}"
EndProject
Project("{9A19103F-16F7-4668-BE54-9A1E7A4F7556}") = "Fireasy.NLog", "src\Fireasy.NLog\Fireasy.NLog.csproj", "{C08AE411-3443-4EFC-9106-072487604D16}"
EndProject
Project("{9A19103F-16F7-4668-BE54-9A1E7A4F7556}") = "Fireasy.Web.Sockets", "src\Fireasy.Web.Sockets\Fireasy.Web.Sockets.csproj", "{8747065E-838B-467B-9E2D-5E6BBDF4CBB5}"
EndProject
Project("{9A19103F-16F7-4668-BE54-9A1E7A4F7556}") = "Fireasy.RabbitMQ", "src\Fireasy.RabbitMQ\Fireasy.RabbitMQ.csproj", "{263ED332-48D8-4410-8333-73D83C4104CD}"
EndProject
Project("{9A19103F-16F7-4668-BE54-9A1E7A4F7556}") = "Fireasy.Newtonsoft", "src\Fireasy.Newtonsoft\Fireasy.Newtonsoft.csproj", "{4A6B2C90-EF17-41F5-B418-DE570C01EC50}"
EndProject
Project("{9A19103F-16F7-4668-BE54-9A1E7A4F7556}") = "Fireasy.Kafka", "src\Fireasy.Kafka\Fireasy.Kafka.csproj", "{2367FCA7-2443-42A4-8787-3BCB4CB78351}"
EndProject
Project("{9A19103F-16F7-4668-BE54-9A1E7A4F7556}") = "Fireasy.MvcCore2.Tests", "test\Fireasy.MvcCore2.Tests\Fireasy.MvcCore2.Tests.csproj", "{6F7308C6-BA41-41F2-BDE0-773A6DEBB359}"
EndProject
Project("{9A19103F-16F7-4668-BE54-9A1E7A4F7556}") = "Fireasy.Aliyun", "src\Fireasy.Aliyun\Fireasy.Aliyun.csproj", "{E4F30462-AC92-4BDF-B875-16342BE9A894}"
EndProject
Project("{F184B08F-C81C-45F6-A57F-5ABD9991F28F}") = "WebLoadTest", "test\WebLoadTest\WebLoadTest.vbproj", "{4224DCA4-79F3-4407-A330-E09AAD6059AB}"
EndProject
Project("{2150E333-8FDC-42A3-9474-1A3956D46DE8}") = "Solution Items", "Solution Items", "{89AF7A90-1A44-4C0E-8E8E-80C56E145EE5}"
	ProjectSection(SolutionItems) = preProject
		Local.testsettings = Local.testsettings
	EndProjectSection
EndProject
Project("{9A19103F-16F7-4668-BE54-9A1E7A4F7556}") = "Fireasy.MvcCore.Services", "test\Fireasy.MvcCore.Services\Fireasy.MvcCore.Services.csproj", "{4AE6C68D-832D-47CF-948F-4EB5A5972380}"
EndProject
Project("{9A19103F-16F7-4668-BE54-9A1E7A4F7556}") = "Fireasy.RocketMQ", "src\Fireasy.RocketMQ\Fireasy.RocketMQ.csproj", "{01055AC8-237C-4AB6-969C-E8DBE2CA385C}"
EndProject
Project("{FAE04EC0-301F-11D3-BF4B-00C04F79EFBC}") = "Fireasy.Windows.Forms.Tests", "test\Fireasy.Windows.Forms.Tests\Fireasy.Windows.Forms.Tests.csproj", "{44282296-0296-4CE7-AA75-24A208AD3222}"
EndProject
Project("{9A19103F-16F7-4668-BE54-9A1E7A4F7556}") = "Fireasy.MvcCore3.Tests", "test\Fireasy.MvcCore3.Tests\Fireasy.MvcCore3.Tests.csproj", "{D1D43179-5EB8-4EA3-B717-8E9BF98D125D}"
EndProject
Global
	GlobalSection(SolutionConfigurationPlatforms) = preSolution
		Debug|Any CPU = Debug|Any CPU
		Release|Any CPU = Release|Any CPU
	EndGlobalSection
	GlobalSection(ProjectConfigurationPlatforms) = postSolution
		{E534FE1A-BD42-4508-B848-FA8B37312AD5}.Debug|Any CPU.ActiveCfg = Debug|Any CPU
		{E534FE1A-BD42-4508-B848-FA8B37312AD5}.Debug|Any CPU.Build.0 = Debug|Any CPU
		{E534FE1A-BD42-4508-B848-FA8B37312AD5}.Release|Any CPU.ActiveCfg = Release|Any CPU
		{E534FE1A-BD42-4508-B848-FA8B37312AD5}.Release|Any CPU.Build.0 = Release|Any CPU
		{8F96CFEC-6AA9-416B-94DB-87B2F7FAC951}.Debug|Any CPU.ActiveCfg = Debug|Any CPU
		{8F96CFEC-6AA9-416B-94DB-87B2F7FAC951}.Debug|Any CPU.Build.0 = Debug|Any CPU
		{8F96CFEC-6AA9-416B-94DB-87B2F7FAC951}.Release|Any CPU.ActiveCfg = Release|Any CPU
		{8F96CFEC-6AA9-416B-94DB-87B2F7FAC951}.Release|Any CPU.Build.0 = Release|Any CPU
		{8E21D3B6-389A-4ABC-9A82-B1212E6C517E}.Debug|Any CPU.ActiveCfg = Debug|Any CPU
		{8E21D3B6-389A-4ABC-9A82-B1212E6C517E}.Debug|Any CPU.Build.0 = Debug|Any CPU
		{8E21D3B6-389A-4ABC-9A82-B1212E6C517E}.Release|Any CPU.ActiveCfg = Release|Any CPU
		{8E21D3B6-389A-4ABC-9A82-B1212E6C517E}.Release|Any CPU.Build.0 = Release|Any CPU
		{FA1593D6-BC48-4588-8931-3EEF92FF5D24}.Debug|Any CPU.ActiveCfg = Debug|Any CPU
		{FA1593D6-BC48-4588-8931-3EEF92FF5D24}.Debug|Any CPU.Build.0 = Debug|Any CPU
		{FA1593D6-BC48-4588-8931-3EEF92FF5D24}.Release|Any CPU.ActiveCfg = Release|Any CPU
		{FA1593D6-BC48-4588-8931-3EEF92FF5D24}.Release|Any CPU.Build.0 = Release|Any CPU
		{0525F7FD-026A-44C5-9EEF-1C8402B9DF78}.Debug|Any CPU.ActiveCfg = Debug|Any CPU
		{0525F7FD-026A-44C5-9EEF-1C8402B9DF78}.Debug|Any CPU.Build.0 = Debug|Any CPU
		{0525F7FD-026A-44C5-9EEF-1C8402B9DF78}.Release|Any CPU.ActiveCfg = Release|Any CPU
		{0525F7FD-026A-44C5-9EEF-1C8402B9DF78}.Release|Any CPU.Build.0 = Release|Any CPU
		{2F97AF7D-F43F-4E73-97BE-F0FC8775BB5A}.Debug|Any CPU.ActiveCfg = Debug|Any CPU
		{2F97AF7D-F43F-4E73-97BE-F0FC8775BB5A}.Debug|Any CPU.Build.0 = Debug|Any CPU
		{2F97AF7D-F43F-4E73-97BE-F0FC8775BB5A}.Release|Any CPU.ActiveCfg = Release|Any CPU
		{2F97AF7D-F43F-4E73-97BE-F0FC8775BB5A}.Release|Any CPU.Build.0 = Release|Any CPU
		{A6FBD2A1-F109-4E5B-B931-0980B066E303}.Debug|Any CPU.ActiveCfg = Debug|Any CPU
		{A6FBD2A1-F109-4E5B-B931-0980B066E303}.Debug|Any CPU.Build.0 = Debug|Any CPU
		{A6FBD2A1-F109-4E5B-B931-0980B066E303}.Release|Any CPU.ActiveCfg = Release|Any CPU
		{A6FBD2A1-F109-4E5B-B931-0980B066E303}.Release|Any CPU.Build.0 = Release|Any CPU
		{16809094-E5D6-4271-9C19-A947F787B288}.Debug|Any CPU.ActiveCfg = Debug|Any CPU
		{16809094-E5D6-4271-9C19-A947F787B288}.Debug|Any CPU.Build.0 = Debug|Any CPU
		{16809094-E5D6-4271-9C19-A947F787B288}.Release|Any CPU.ActiveCfg = Release|Any CPU
		{16809094-E5D6-4271-9C19-A947F787B288}.Release|Any CPU.Build.0 = Release|Any CPU
		{12B62972-48DB-4A40-9406-0BF1F4BD41A9}.Debug|Any CPU.ActiveCfg = Debug|Any CPU
		{12B62972-48DB-4A40-9406-0BF1F4BD41A9}.Debug|Any CPU.Build.0 = Debug|Any CPU
		{12B62972-48DB-4A40-9406-0BF1F4BD41A9}.Release|Any CPU.ActiveCfg = Release|Any CPU
		{12B62972-48DB-4A40-9406-0BF1F4BD41A9}.Release|Any CPU.Build.0 = Release|Any CPU
		{A7A7033A-B471-47CD-A103-6AD4D822B2B4}.Debug|Any CPU.ActiveCfg = Debug|Any CPU
		{A7A7033A-B471-47CD-A103-6AD4D822B2B4}.Debug|Any CPU.Build.0 = Debug|Any CPU
		{A7A7033A-B471-47CD-A103-6AD4D822B2B4}.Release|Any CPU.ActiveCfg = Release|Any CPU
		{A7A7033A-B471-47CD-A103-6AD4D822B2B4}.Release|Any CPU.Build.0 = Release|Any CPU
		{4075E57A-FDFB-4DF0-A698-023D2B9AF78A}.Debug|Any CPU.ActiveCfg = Debug|Any CPU
		{4075E57A-FDFB-4DF0-A698-023D2B9AF78A}.Debug|Any CPU.Build.0 = Debug|Any CPU
		{4075E57A-FDFB-4DF0-A698-023D2B9AF78A}.Release|Any CPU.ActiveCfg = Release|Any CPU
		{4075E57A-FDFB-4DF0-A698-023D2B9AF78A}.Release|Any CPU.Build.0 = Release|Any CPU
		{739E0CCA-AFAC-4E01-940D-0D2A600EF299}.Debug|Any CPU.ActiveCfg = Debug|Any CPU
		{739E0CCA-AFAC-4E01-940D-0D2A600EF299}.Debug|Any CPU.Build.0 = Debug|Any CPU
		{739E0CCA-AFAC-4E01-940D-0D2A600EF299}.Release|Any CPU.ActiveCfg = Release|Any CPU
		{739E0CCA-AFAC-4E01-940D-0D2A600EF299}.Release|Any CPU.Build.0 = Release|Any CPU
		{5FBE6BB3-D367-4609-949A-2A3BB4123D15}.Debug|Any CPU.ActiveCfg = Debug|Any CPU
		{5FBE6BB3-D367-4609-949A-2A3BB4123D15}.Debug|Any CPU.Build.0 = Debug|Any CPU
		{5FBE6BB3-D367-4609-949A-2A3BB4123D15}.Release|Any CPU.ActiveCfg = Release|Any CPU
		{5FBE6BB3-D367-4609-949A-2A3BB4123D15}.Release|Any CPU.Build.0 = Release|Any CPU
		{C08AE411-3443-4EFC-9106-072487604D16}.Debug|Any CPU.ActiveCfg = Debug|Any CPU
		{C08AE411-3443-4EFC-9106-072487604D16}.Debug|Any CPU.Build.0 = Debug|Any CPU
		{C08AE411-3443-4EFC-9106-072487604D16}.Release|Any CPU.ActiveCfg = Release|Any CPU
		{C08AE411-3443-4EFC-9106-072487604D16}.Release|Any CPU.Build.0 = Release|Any CPU
		{8747065E-838B-467B-9E2D-5E6BBDF4CBB5}.Debug|Any CPU.ActiveCfg = Debug|Any CPU
		{8747065E-838B-467B-9E2D-5E6BBDF4CBB5}.Debug|Any CPU.Build.0 = Debug|Any CPU
		{8747065E-838B-467B-9E2D-5E6BBDF4CBB5}.Release|Any CPU.ActiveCfg = Release|Any CPU
		{8747065E-838B-467B-9E2D-5E6BBDF4CBB5}.Release|Any CPU.Build.0 = Release|Any CPU
		{263ED332-48D8-4410-8333-73D83C4104CD}.Debug|Any CPU.ActiveCfg = Debug|Any CPU
		{263ED332-48D8-4410-8333-73D83C4104CD}.Debug|Any CPU.Build.0 = Debug|Any CPU
		{263ED332-48D8-4410-8333-73D83C4104CD}.Release|Any CPU.ActiveCfg = Release|Any CPU
		{263ED332-48D8-4410-8333-73D83C4104CD}.Release|Any CPU.Build.0 = Release|Any CPU
		{4A6B2C90-EF17-41F5-B418-DE570C01EC50}.Debug|Any CPU.ActiveCfg = Debug|Any CPU
		{4A6B2C90-EF17-41F5-B418-DE570C01EC50}.Debug|Any CPU.Build.0 = Debug|Any CPU
		{4A6B2C90-EF17-41F5-B418-DE570C01EC50}.Release|Any CPU.ActiveCfg = Release|Any CPU
		{4A6B2C90-EF17-41F5-B418-DE570C01EC50}.Release|Any CPU.Build.0 = Release|Any CPU
		{2367FCA7-2443-42A4-8787-3BCB4CB78351}.Debug|Any CPU.ActiveCfg = Debug|Any CPU
		{2367FCA7-2443-42A4-8787-3BCB4CB78351}.Debug|Any CPU.Build.0 = Debug|Any CPU
		{2367FCA7-2443-42A4-8787-3BCB4CB78351}.Release|Any CPU.ActiveCfg = Release|Any CPU
		{2367FCA7-2443-42A4-8787-3BCB4CB78351}.Release|Any CPU.Build.0 = Release|Any CPU
		{6F7308C6-BA41-41F2-BDE0-773A6DEBB359}.Debug|Any CPU.ActiveCfg = Debug|Any CPU
		{6F7308C6-BA41-41F2-BDE0-773A6DEBB359}.Debug|Any CPU.Build.0 = Debug|Any CPU
		{6F7308C6-BA41-41F2-BDE0-773A6DEBB359}.Release|Any CPU.ActiveCfg = Release|Any CPU
		{6F7308C6-BA41-41F2-BDE0-773A6DEBB359}.Release|Any CPU.Build.0 = Release|Any CPU
		{E4F30462-AC92-4BDF-B875-16342BE9A894}.Debug|Any CPU.ActiveCfg = Debug|Any CPU
		{E4F30462-AC92-4BDF-B875-16342BE9A894}.Debug|Any CPU.Build.0 = Debug|Any CPU
		{E4F30462-AC92-4BDF-B875-16342BE9A894}.Release|Any CPU.ActiveCfg = Release|Any CPU
		{E4F30462-AC92-4BDF-B875-16342BE9A894}.Release|Any CPU.Build.0 = Release|Any CPU
		{4224DCA4-79F3-4407-A330-E09AAD6059AB}.Debug|Any CPU.ActiveCfg = Debug|Any CPU
		{4224DCA4-79F3-4407-A330-E09AAD6059AB}.Debug|Any CPU.Build.0 = Debug|Any CPU
		{4224DCA4-79F3-4407-A330-E09AAD6059AB}.Release|Any CPU.ActiveCfg = Release|Any CPU
		{4224DCA4-79F3-4407-A330-E09AAD6059AB}.Release|Any CPU.Build.0 = Release|Any CPU
		{4AE6C68D-832D-47CF-948F-4EB5A5972380}.Debug|Any CPU.ActiveCfg = Debug|Any CPU
		{4AE6C68D-832D-47CF-948F-4EB5A5972380}.Debug|Any CPU.Build.0 = Debug|Any CPU
		{4AE6C68D-832D-47CF-948F-4EB5A5972380}.Release|Any CPU.ActiveCfg = Release|Any CPU
		{4AE6C68D-832D-47CF-948F-4EB5A5972380}.Release|Any CPU.Build.0 = Release|Any CPU
		{01055AC8-237C-4AB6-969C-E8DBE2CA385C}.Debug|Any CPU.ActiveCfg = Debug|Any CPU
		{01055AC8-237C-4AB6-969C-E8DBE2CA385C}.Debug|Any CPU.Build.0 = Debug|Any CPU
		{01055AC8-237C-4AB6-969C-E8DBE2CA385C}.Release|Any CPU.ActiveCfg = Release|Any CPU
		{01055AC8-237C-4AB6-969C-E8DBE2CA385C}.Release|Any CPU.Build.0 = Release|Any CPU
		{44282296-0296-4CE7-AA75-24A208AD3222}.Debug|Any CPU.ActiveCfg = Debug|Any CPU
		{44282296-0296-4CE7-AA75-24A208AD3222}.Debug|Any CPU.Build.0 = Debug|Any CPU
		{44282296-0296-4CE7-AA75-24A208AD3222}.Release|Any CPU.ActiveCfg = Release|Any CPU
		{44282296-0296-4CE7-AA75-24A208AD3222}.Release|Any CPU.Build.0 = Release|Any CPU
		{D1D43179-5EB8-4EA3-B717-8E9BF98D125D}.Debug|Any CPU.ActiveCfg = Debug|Any CPU
		{D1D43179-5EB8-4EA3-B717-8E9BF98D125D}.Debug|Any CPU.Build.0 = Debug|Any CPU
		{D1D43179-5EB8-4EA3-B717-8E9BF98D125D}.Release|Any CPU.ActiveCfg = Release|Any CPU
		{D1D43179-5EB8-4EA3-B717-8E9BF98D125D}.Release|Any CPU.Build.0 = Release|Any CPU
	EndGlobalSection
	GlobalSection(SolutionProperties) = preSolution
		HideSolutionNode = FALSE
	EndGlobalSection
	GlobalSection(NestedProjects) = preSolution
		{E534FE1A-BD42-4508-B848-FA8B37312AD5} = {C17CFE8E-2A64-4E6E-9720-4C8681AF3DC3}
		{8F96CFEC-6AA9-416B-94DB-87B2F7FAC951} = {C17CFE8E-2A64-4E6E-9720-4C8681AF3DC3}
		{8E21D3B6-389A-4ABC-9A82-B1212E6C517E} = {C17CFE8E-2A64-4E6E-9720-4C8681AF3DC3}
		{FA1593D6-BC48-4588-8931-3EEF92FF5D24} = {9E3A93FF-A335-4546-93AC-6DD95595FA71}
		{0525F7FD-026A-44C5-9EEF-1C8402B9DF78} = {9E3A93FF-A335-4546-93AC-6DD95595FA71}
		{2F97AF7D-F43F-4E73-97BE-F0FC8775BB5A} = {9E3A93FF-A335-4546-93AC-6DD95595FA71}
		{A6FBD2A1-F109-4E5B-B931-0980B066E303} = {C17CFE8E-2A64-4E6E-9720-4C8681AF3DC3}
		{16809094-E5D6-4271-9C19-A947F787B288} = {C17CFE8E-2A64-4E6E-9720-4C8681AF3DC3}
		{12B62972-48DB-4A40-9406-0BF1F4BD41A9} = {C17CFE8E-2A64-4E6E-9720-4C8681AF3DC3}
		{A7A7033A-B471-47CD-A103-6AD4D822B2B4} = {19E2EB7D-D0D9-4457-AD22-AE43723E0930}
		{4075E57A-FDFB-4DF0-A698-023D2B9AF78A} = {C17CFE8E-2A64-4E6E-9720-4C8681AF3DC3}
		{739E0CCA-AFAC-4E01-940D-0D2A600EF299} = {19E2EB7D-D0D9-4457-AD22-AE43723E0930}
		{5FBE6BB3-D367-4609-949A-2A3BB4123D15} = {19E2EB7D-D0D9-4457-AD22-AE43723E0930}
		{C08AE411-3443-4EFC-9106-072487604D16} = {19E2EB7D-D0D9-4457-AD22-AE43723E0930}
		{8747065E-838B-467B-9E2D-5E6BBDF4CBB5} = {C17CFE8E-2A64-4E6E-9720-4C8681AF3DC3}
		{263ED332-48D8-4410-8333-73D83C4104CD} = {19E2EB7D-D0D9-4457-AD22-AE43723E0930}
		{4A6B2C90-EF17-41F5-B418-DE570C01EC50} = {19E2EB7D-D0D9-4457-AD22-AE43723E0930}
		{2367FCA7-2443-42A4-8787-3BCB4CB78351} = {19E2EB7D-D0D9-4457-AD22-AE43723E0930}
		{6F7308C6-BA41-41F2-BDE0-773A6DEBB359} = {9E3A93FF-A335-4546-93AC-6DD95595FA71}
		{E4F30462-AC92-4BDF-B875-16342BE9A894} = {19E2EB7D-D0D9-4457-AD22-AE43723E0930}
		{4224DCA4-79F3-4407-A330-E09AAD6059AB} = {9E3A93FF-A335-4546-93AC-6DD95595FA71}
		{89AF7A90-1A44-4C0E-8E8E-80C56E145EE5} = {9E3A93FF-A335-4546-93AC-6DD95595FA71}
		{4AE6C68D-832D-47CF-948F-4EB5A5972380} = {9E3A93FF-A335-4546-93AC-6DD95595FA71}
		{01055AC8-237C-4AB6-969C-E8DBE2CA385C} = {19E2EB7D-D0D9-4457-AD22-AE43723E0930}
		{44282296-0296-4CE7-AA75-24A208AD3222} = {9E3A93FF-A335-4546-93AC-6DD95595FA71}
		{D1D43179-5EB8-4EA3-B717-8E9BF98D125D} = {9E3A93FF-A335-4546-93AC-6DD95595FA71}
	EndGlobalSection
	GlobalSection(ExtensibilityGlobals) = postSolution
		SolutionGuid = {72E7FC59-9162-48A8-B31F-CB0FEE862E56}
	EndGlobalSection
EndGlobal
