{
  "version": 3,
  "targets": {
    ".NETCoreApp,Version=v3.0": {
      "Microsoft.CodeAnalysis.Analyzers/2.6.2-beta2": {
        "type": "package"
      },
      "Microsoft.CodeAnalysis.Common/3.0.0": {
        "type": "package",
        "dependencies": {
          "Microsoft.CodeAnalysis.Analyzers": "2.6.2-beta2",
          "System.Collections.Immutable": "1.5.0",
          "System.Memory": "4.5.1",
          "System.Reflection.Metadata": "1.6.0",
          "System.Runtime.CompilerServices.Unsafe": "4.5.0",
          "System.Text.Encoding.CodePages": "4.5.0",
          "System.Threading.Tasks.Extensions": "4.5.0"
        },
        "compile": {
          "lib/netstandard2.0/Microsoft.CodeAnalysis.dll": {}
        },
        "runtime": {
          "lib/netstandard2.0/Microsoft.CodeAnalysis.dll": {}
        },
        "resource": {
          "lib/netstandard2.0/cs/Microsoft.CodeAnalysis.resources.dll": {
            "locale": "cs"
          },
          "lib/netstandard2.0/de/Microsoft.CodeAnalysis.resources.dll": {
            "locale": "de"
          },
          "lib/netstandard2.0/es/Microsoft.CodeAnalysis.resources.dll": {
            "locale": "es"
          },
          "lib/netstandard2.0/fr/Microsoft.CodeAnalysis.resources.dll": {
            "locale": "fr"
          },
          "lib/netstandard2.0/it/Microsoft.CodeAnalysis.resources.dll": {
            "locale": "it"
          },
          "lib/netstandard2.0/ja/Microsoft.CodeAnalysis.resources.dll": {
            "locale": "ja"
          },
          "lib/netstandard2.0/ko/Microsoft.CodeAnalysis.resources.dll": {
            "locale": "ko"
          },
          "lib/netstandard2.0/pl/Microsoft.CodeAnalysis.resources.dll": {
            "locale": "pl"
          },
          "lib/netstandard2.0/pt-BR/Microsoft.CodeAnalysis.resources.dll": {
            "locale": "pt-BR"
          },
          "lib/netstandard2.0/ru/Microsoft.CodeAnalysis.resources.dll": {
            "locale": "ru"
          },
          "lib/netstandard2.0/tr/Microsoft.CodeAnalysis.resources.dll": {
            "locale": "tr"
          },
          "lib/netstandard2.0/zh-Hans/Microsoft.CodeAnalysis.resources.dll": {
            "locale": "zh-Hans"
          },
          "lib/netstandard2.0/zh-Hant/Microsoft.CodeAnalysis.resources.dll": {
            "locale": "zh-Hant"
          }
        }
      },
      "Microsoft.CodeAnalysis.CSharp/3.0.0": {
        "type": "package",
        "dependencies": {
          "Microsoft.CodeAnalysis.Common": "[3.0.0]"
        },
        "compile": {
          "lib/netstandard2.0/Microsoft.CodeAnalysis.CSharp.dll": {}
        },
        "runtime": {
          "lib/netstandard2.0/Microsoft.CodeAnalysis.CSharp.dll": {}
        },
        "resource": {
          "lib/netstandard2.0/cs/Microsoft.CodeAnalysis.CSharp.resources.dll": {
            "locale": "cs"
          },
          "lib/netstandard2.0/de/Microsoft.CodeAnalysis.CSharp.resources.dll": {
            "locale": "de"
          },
          "lib/netstandard2.0/es/Microsoft.CodeAnalysis.CSharp.resources.dll": {
            "locale": "es"
          },
          "lib/netstandard2.0/fr/Microsoft.CodeAnalysis.CSharp.resources.dll": {
            "locale": "fr"
          },
          "lib/netstandard2.0/it/Microsoft.CodeAnalysis.CSharp.resources.dll": {
            "locale": "it"
          },
          "lib/netstandard2.0/ja/Microsoft.CodeAnalysis.CSharp.resources.dll": {
            "locale": "ja"
          },
          "lib/netstandard2.0/ko/Microsoft.CodeAnalysis.CSharp.resources.dll": {
            "locale": "ko"
          },
          "lib/netstandard2.0/pl/Microsoft.CodeAnalysis.CSharp.resources.dll": {
            "locale": "pl"
          },
          "lib/netstandard2.0/pt-BR/Microsoft.CodeAnalysis.CSharp.resources.dll": {
            "locale": "pt-BR"
          },
          "lib/netstandard2.0/ru/Microsoft.CodeAnalysis.CSharp.resources.dll": {
            "locale": "ru"
          },
          "lib/netstandard2.0/tr/Microsoft.CodeAnalysis.CSharp.resources.dll": {
            "locale": "tr"
          },
          "lib/netstandard2.0/zh-Hans/Microsoft.CodeAnalysis.CSharp.resources.dll": {
            "locale": "zh-Hans"
          },
          "lib/netstandard2.0/zh-Hant/Microsoft.CodeAnalysis.CSharp.resources.dll": {
            "locale": "zh-Hant"
          }
        }
      },
      "Microsoft.CSharp/4.6.0": {
        "type": "package",
        "compile": {
          "ref/netcoreapp2.0/_._": {}
        },
        "runtime": {
          "lib/netcoreapp2.0/_._": {}
        }
      },
      "Microsoft.Extensions.Configuration/3.0.0": {
        "type": "package",
        "dependencies": {
          "Microsoft.Extensions.Configuration.Abstractions": "3.0.0"
        },
        "compile": {
          "lib/netcoreapp3.0/Microsoft.Extensions.Configuration.dll": {}
        },
        "runtime": {
          "lib/netcoreapp3.0/Microsoft.Extensions.Configuration.dll": {}
        }
      },
      "Microsoft.Extensions.Configuration.Abstractions/3.0.0": {
        "type": "package",
        "dependencies": {
          "Microsoft.Extensions.Primitives": "3.0.0"
        },
        "compile": {
          "lib/netcoreapp3.0/Microsoft.Extensions.Configuration.Abstractions.dll": {}
        },
        "runtime": {
          "lib/netcoreapp3.0/Microsoft.Extensions.Configuration.Abstractions.dll": {}
        }
      },
      "Microsoft.Extensions.Configuration.Binder/3.0.0": {
        "type": "package",
        "dependencies": {
          "Microsoft.Extensions.Configuration": "3.0.0"
        },
        "compile": {
          "lib/netcoreapp3.0/Microsoft.Extensions.Configuration.Binder.dll": {}
        },
        "runtime": {
          "lib/netcoreapp3.0/Microsoft.Extensions.Configuration.Binder.dll": {}
        }
      },
      "Microsoft.Extensions.DependencyInjection/3.0.0": {
        "type": "package",
        "dependencies": {
          "Microsoft.Extensions.DependencyInjection.Abstractions": "3.0.0"
        },
        "compile": {
          "lib/netcoreapp3.0/Microsoft.Extensions.DependencyInjection.dll": {}
        },
        "runtime": {
          "lib/netcoreapp3.0/Microsoft.Extensions.DependencyInjection.dll": {}
        }
      },
      "Microsoft.Extensions.DependencyInjection.Abstractions/3.0.0": {
        "type": "package",
        "compile": {
          "lib/netstandard2.0/Microsoft.Extensions.DependencyInjection.Abstractions.dll": {}
        },
        "runtime": {
          "lib/netstandard2.0/Microsoft.Extensions.DependencyInjection.Abstractions.dll": {}
        }
      },
      "Microsoft.Extensions.FileProviders.Abstractions/3.0.0": {
        "type": "package",
        "dependencies": {
          "Microsoft.Extensions.Primitives": "3.0.0"
        },
        "compile": {
          "lib/netcoreapp3.0/Microsoft.Extensions.FileProviders.Abstractions.dll": {}
        },
        "runtime": {
          "lib/netcoreapp3.0/Microsoft.Extensions.FileProviders.Abstractions.dll": {}
        }
      },
      "Microsoft.Extensions.Hosting.Abstractions/3.0.0": {
        "type": "package",
        "dependencies": {
          "Microsoft.Extensions.Configuration.Abstractions": "3.0.0",
          "Microsoft.Extensions.DependencyInjection.Abstractions": "3.0.0",
          "Microsoft.Extensions.FileProviders.Abstractions": "3.0.0",
          "Microsoft.Extensions.Logging.Abstractions": "3.0.0"
        },
        "compile": {
          "lib/netcoreapp3.0/Microsoft.Extensions.Hosting.Abstractions.dll": {}
        },
        "runtime": {
          "lib/netcoreapp3.0/Microsoft.Extensions.Hosting.Abstractions.dll": {}
        }
      },
      "Microsoft.Extensions.Logging/3.0.0": {
        "type": "package",
        "dependencies": {
          "Microsoft.Extensions.Configuration.Binder": "3.0.0",
          "Microsoft.Extensions.DependencyInjection": "3.0.0",
          "Microsoft.Extensions.Logging.Abstractions": "3.0.0",
          "Microsoft.Extensions.Options": "3.0.0"
        },
        "compile": {
          "lib/netcoreapp3.0/Microsoft.Extensions.Logging.dll": {}
        },
        "runtime": {
          "lib/netcoreapp3.0/Microsoft.Extensions.Logging.dll": {}
        }
      },
      "Microsoft.Extensions.Logging.Abstractions/3.0.0": {
        "type": "package",
        "compile": {
          "lib/netstandard2.0/Microsoft.Extensions.Logging.Abstractions.dll": {}
        },
        "runtime": {
          "lib/netstandard2.0/Microsoft.Extensions.Logging.Abstractions.dll": {}
        }
      },
      "Microsoft.Extensions.Options/3.0.0": {
        "type": "package",
        "dependencies": {
          "Microsoft.Extensions.DependencyInjection.Abstractions": "3.0.0",
          "Microsoft.Extensions.Primitives": "3.0.0"
        },
        "compile": {
          "lib/netcoreapp3.0/Microsoft.Extensions.Options.dll": {}
        },
        "runtime": {
          "lib/netcoreapp3.0/Microsoft.Extensions.Options.dll": {}
        }
      },
      "Microsoft.Extensions.Primitives/3.0.0": {
        "type": "package",
        "compile": {
          "lib/netcoreapp3.0/Microsoft.Extensions.Primitives.dll": {}
        },
        "runtime": {
          "lib/netcoreapp3.0/Microsoft.Extensions.Primitives.dll": {}
        }
      },
      "Microsoft.NETCore.Platforms/3.0.0": {
        "type": "package",
        "compile": {
          "lib/netstandard1.0/_._": {}
        },
        "runtime": {
          "lib/netstandard1.0/_._": {}
        }
      },
      "Microsoft.Win32.SystemEvents/4.6.0": {
        "type": "package",
        "dependencies": {
          "Microsoft.NETCore.Platforms": "3.0.0"
        },
        "compile": {
          "ref/netstandard2.0/_._": {}
        },
        "runtime": {
          "lib/netstandard2.0/Microsoft.Win32.SystemEvents.dll": {}
        },
        "runtimeTargets": {
          "runtimes/win/lib/netcoreapp3.0/Microsoft.Win32.SystemEvents.dll": {
            "assetType": "runtime",
            "rid": "win"
          }
        }
      },
      "System.Collections.Immutable/1.5.0": {
        "type": "package",
        "compile": {
          "lib/netstandard2.0/System.Collections.Immutable.dll": {}
        },
        "runtime": {
          "lib/netstandard2.0/System.Collections.Immutable.dll": {}
        }
      },
      "System.ComponentModel.Composition/4.6.0": {
        "type": "package",
        "compile": {
          "ref/netstandard2.0/System.ComponentModel.Composition.dll": {}
        },
        "runtime": {
          "lib/netcoreapp2.0/System.ComponentModel.Composition.dll": {}
        }
      },
      "System.Drawing.Common/4.6.0": {
        "type": "package",
        "dependencies": {
          "Microsoft.NETCore.Platforms": "3.0.0",
          "Microsoft.Win32.SystemEvents": "4.6.0"
        },
        "compile": {
          "ref/netcoreapp3.0/System.Drawing.Common.dll": {}
        },
        "runtime": {
          "lib/netstandard2.0/System.Drawing.Common.dll": {}
        },
        "runtimeTargets": {
          "runtimes/unix/lib/netcoreapp3.0/System.Drawing.Common.dll": {
            "assetType": "runtime",
            "rid": "unix"
          },
          "runtimes/win/lib/netcoreapp3.0/System.Drawing.Common.dll": {
            "assetType": "runtime",
            "rid": "win"
          }
        }
      },
      "System.Memory/4.5.1": {
        "type": "package",
        "compile": {
          "ref/netcoreapp2.1/_._": {}
        },
        "runtime": {
          "lib/netcoreapp2.1/_._": {}
        }
      },
      "System.Reflection.Metadata/1.6.0": {
        "type": "package",
        "compile": {
          "lib/netstandard2.0/System.Reflection.Metadata.dll": {}
        },
        "runtime": {
          "lib/netstandard2.0/System.Reflection.Metadata.dll": {}
        }
      },
      "System.Resources.Extensions/4.6.0": {
        "type": "package",
        "compile": {
          "ref/netstandard2.0/System.Resources.Extensions.dll": {}
        },
        "runtime": {
          "lib/netstandard2.0/System.Resources.Extensions.dll": {}
        }
      },
      "System.Runtime.CompilerServices.Unsafe/4.5.0": {
        "type": "package",
        "compile": {
          "ref/netstandard2.0/System.Runtime.CompilerServices.Unsafe.dll": {}
        },
        "runtime": {
          "lib/netcoreapp2.0/System.Runtime.CompilerServices.Unsafe.dll": {}
        }
      },
      "System.Text.Encoding.CodePages/4.5.0": {
        "type": "package",
        "dependencies": {
          "Microsoft.NETCore.Platforms": "2.0.0",
          "System.Runtime.CompilerServices.Unsafe": "4.5.0"
        },
        "compile": {
          "ref/netstandard2.0/System.Text.Encoding.CodePages.dll": {}
        },
        "runtime": {
          "lib/netstandard2.0/System.Text.Encoding.CodePages.dll": {}
        },
        "runtimeTargets": {
          "runtimes/win/lib/netcoreapp2.0/System.Text.Encoding.CodePages.dll": {
            "assetType": "runtime",
            "rid": "win"
          }
        }
      },
      "System.Threading.Tasks.Extensions/4.5.0": {
        "type": "package",
        "compile": {
          "ref/netcoreapp2.1/_._": {}
        },
        "runtime": {
          "lib/netcoreapp2.1/_._": {}
        }
      },
      "Fireasy.Common/2.2.5": {
        "type": "project",
        "framework": ".NETStandard,Version=v2.1",
        "dependencies": {
          "Microsoft.CSharp": "4.6.0",
          "Microsoft.CodeAnalysis.CSharp": "3.0.0",
          "Microsoft.Extensions.Configuration.Abstractions": "3.0.0",
          "Microsoft.Extensions.DependencyInjection": "3.0.0",
          "Microsoft.Extensions.DependencyInjection.Abstractions": "3.0.0",
          "Microsoft.Extensions.Hosting.Abstractions": "3.0.0",
          "Microsoft.Extensions.Logging": "3.0.0",
          "Microsoft.Extensions.Options": "3.0.0",
          "System.ComponentModel.Composition": "4.6.0",
          "System.Drawing.Common": "4.6.0"
        },
        "compile": {
          "bin/placeholder/Fireasy.Common.dll": {}
        },
        "runtime": {
          "bin/placeholder/Fireasy.Common.dll": {}
        }
      }
    }
  },
  "libraries": {
    "Microsoft.CodeAnalysis.Analyzers/2.6.2-beta2": {
      "sha512": "rg5Ql73AmGCMG5Q40Kzbndq7C7S4XvsJA+2QXfZBCy2dRqD+a7BSbx/3942EoRUJ/8Wh9+kLg2G2qC46o3f1Aw==",
      "type": "package",
      "path": "microsoft.codeanalysis.analyzers/2.6.2-beta2",
      "hasTools": true,
      "files": [
        ".nupkg.metadata",
        ".signature.p7s",
        "ThirdPartyNotices.rtf",
        "analyzers/dotnet/cs/Microsoft.CodeAnalysis.Analyzers.dll",
        "analyzers/dotnet/cs/Microsoft.CodeAnalysis.CSharp.Analyzers.dll",
        "analyzers/dotnet/vb/Microsoft.CodeAnalysis.Analyzers.dll",
        "analyzers/dotnet/vb/Microsoft.CodeAnalysis.VisualBasic.Analyzers.dll",
        "microsoft.codeanalysis.analyzers.2.6.2-beta2.nupkg.sha512",
        "microsoft.codeanalysis.analyzers.nuspec",
        "rulesets/AllRulesDefault.ruleset",
        "rulesets/AllRulesDisabled.ruleset",
        "rulesets/AllRulesEnabled.ruleset",
        "rulesets/CorrectnessRulesDefault.ruleset",
        "rulesets/CorrectnessRulesEnabled.ruleset",
        "rulesets/LibraryRulesDefault.ruleset",
        "rulesets/LibraryRulesEnabled.ruleset",
        "rulesets/MicrosoftCodeAnalysisCompatibilityRulesDefault.ruleset",
        "rulesets/MicrosoftCodeAnalysisCompatibilityRulesEnabled.ruleset",
        "rulesets/MicrosoftCodeAnalysisCorrectnessRulesDefault.ruleset",
        "rulesets/MicrosoftCodeAnalysisCorrectnessRulesEnabled.ruleset",
        "rulesets/MicrosoftCodeAnalysisDesignRulesDefault.ruleset",
        "rulesets/MicrosoftCodeAnalysisDesignRulesEnabled.ruleset",
        "rulesets/MicrosoftCodeAnalysisDocumentationRulesDefault.ruleset",
        "rulesets/MicrosoftCodeAnalysisDocumentationRulesEnabled.ruleset",
        "rulesets/MicrosoftCodeAnalysisLocalizationRulesDefault.ruleset",
        "rulesets/MicrosoftCodeAnalysisLocalizationRulesEnabled.ruleset",
        "rulesets/MicrosoftCodeAnalysisPerformanceRulesDefault.ruleset",
        "rulesets/MicrosoftCodeAnalysisPerformanceRulesEnabled.ruleset",
        "tools/install.ps1",
        "tools/uninstall.ps1"
      ]
    },
    "Microsoft.CodeAnalysis.Common/3.0.0": {
      "sha512": "HEnLZ9Op5IoXeuokhfSLIXstXfEyPzXhQ/xsnvUmxzb+7YpwuLk57txArzGs/Wne5bWmU7Uey4Q1jUZ3++heqg==",
      "type": "package",
      "path": "microsoft.codeanalysis.common/3.0.0",
      "files": [
        ".nupkg.metadata",
        ".signature.p7s",
        "ThirdPartyNotices.rtf",
        "lib/netstandard2.0/Microsoft.CodeAnalysis.dll",
        "lib/netstandard2.0/Microsoft.CodeAnalysis.pdb",
        "lib/netstandard2.0/Microsoft.CodeAnalysis.xml",
        "lib/netstandard2.0/cs/Microsoft.CodeAnalysis.resources.dll",
        "lib/netstandard2.0/de/Microsoft.CodeAnalysis.resources.dll",
        "lib/netstandard2.0/es/Microsoft.CodeAnalysis.resources.dll",
        "lib/netstandard2.0/fr/Microsoft.CodeAnalysis.resources.dll",
        "lib/netstandard2.0/it/Microsoft.CodeAnalysis.resources.dll",
        "lib/netstandard2.0/ja/Microsoft.CodeAnalysis.resources.dll",
        "lib/netstandard2.0/ko/Microsoft.CodeAnalysis.resources.dll",
        "lib/netstandard2.0/pl/Microsoft.CodeAnalysis.resources.dll",
        "lib/netstandard2.0/pt-BR/Microsoft.CodeAnalysis.resources.dll",
        "lib/netstandard2.0/ru/Microsoft.CodeAnalysis.resources.dll",
        "lib/netstandard2.0/tr/Microsoft.CodeAnalysis.resources.dll",
        "lib/netstandard2.0/zh-Hans/Microsoft.CodeAnalysis.resources.dll",
        "lib/netstandard2.0/zh-Hant/Microsoft.CodeAnalysis.resources.dll",
        "microsoft.codeanalysis.common.3.0.0.nupkg.sha512",
        "microsoft.codeanalysis.common.nuspec"
      ]
    },
    "Microsoft.CodeAnalysis.CSharp/3.0.0": {
      "sha512": "hWFUxc0iUbVvIKWJODErOeOa5GiqZuEcetxaCfHqZ04zHy0ZCLx3v4/TdF/6Erx1mXPHfoT2Tiz5rZCQZ6OyxQ==",
      "type": "package",
      "path": "microsoft.codeanalysis.csharp/3.0.0",
      "files": [
        ".nupkg.metadata",
        ".signature.p7s",
        "ThirdPartyNotices.rtf",
        "lib/netstandard2.0/Microsoft.CodeAnalysis.CSharp.dll",
        "lib/netstandard2.0/Microsoft.CodeAnalysis.CSharp.pdb",
        "lib/netstandard2.0/Microsoft.CodeAnalysis.CSharp.xml",
        "lib/netstandard2.0/cs/Microsoft.CodeAnalysis.CSharp.resources.dll",
        "lib/netstandard2.0/de/Microsoft.CodeAnalysis.CSharp.resources.dll",
        "lib/netstandard2.0/es/Microsoft.CodeAnalysis.CSharp.resources.dll",
        "lib/netstandard2.0/fr/Microsoft.CodeAnalysis.CSharp.resources.dll",
        "lib/netstandard2.0/it/Microsoft.CodeAnalysis.CSharp.resources.dll",
        "lib/netstandard2.0/ja/Microsoft.CodeAnalysis.CSharp.resources.dll",
        "lib/netstandard2.0/ko/Microsoft.CodeAnalysis.CSharp.resources.dll",
        "lib/netstandard2.0/pl/Microsoft.CodeAnalysis.CSharp.resources.dll",
        "lib/netstandard2.0/pt-BR/Microsoft.CodeAnalysis.CSharp.resources.dll",
        "lib/netstandard2.0/ru/Microsoft.CodeAnalysis.CSharp.resources.dll",
        "lib/netstandard2.0/tr/Microsoft.CodeAnalysis.CSharp.resources.dll",
        "lib/netstandard2.0/zh-Hans/Microsoft.CodeAnalysis.CSharp.resources.dll",
        "lib/netstandard2.0/zh-Hant/Microsoft.CodeAnalysis.CSharp.resources.dll",
        "microsoft.codeanalysis.csharp.3.0.0.nupkg.sha512",
        "microsoft.codeanalysis.csharp.nuspec"
      ]
    },
    "Microsoft.CSharp/4.6.0": {
      "sha512": "kxn3M2rnAGy5N5DgcIwcE8QTePWU/XiYcQVzn9HqTls2NKluVzVSmVWRjK7OUPWbljCXuZxHyhEz9kPRIQeXow==",
      "type": "package",
      "path": "microsoft.csharp/4.6.0",
      "files": [
        ".nupkg.metadata",
        ".signature.p7s",
        "LICENSE.TXT",
        "THIRD-PARTY-NOTICES.TXT",
        "lib/MonoAndroid10/_._",
        "lib/MonoTouch10/_._",
        "lib/net45/_._",
        "lib/netcore50/Microsoft.CSharp.dll",
        "lib/netcoreapp2.0/_._",
        "lib/netstandard1.3/Microsoft.CSharp.dll",
        "lib/netstandard2.0/Microsoft.CSharp.dll",
        "lib/netstandard2.0/Microsoft.CSharp.xml",
        "lib/portable-net45+win8+wp8+wpa81/_._",
        "lib/uap10.0.16299/_._",
        "lib/win8/_._",
        "lib/wp80/_._",
        "lib/wpa81/_._",
        "lib/xamarinios10/_._",
        "lib/xamarinmac20/_._",
        "lib/xamarintvos10/_._",
        "lib/xamarinwatchos10/_._",
        "microsoft.csharp.4.6.0.nupkg.sha512",
        "microsoft.csharp.nuspec",
        "ref/MonoAndroid10/_._",
        "ref/MonoTouch10/_._",
        "ref/net45/_._",
        "ref/netcore50/Microsoft.CSharp.dll",
        "ref/netcore50/Microsoft.CSharp.xml",
        "ref/netcore50/de/Microsoft.CSharp.xml",
        "ref/netcore50/es/Microsoft.CSharp.xml",
        "ref/netcore50/fr/Microsoft.CSharp.xml",
        "ref/netcore50/it/Microsoft.CSharp.xml",
        "ref/netcore50/ja/Microsoft.CSharp.xml",
        "ref/netcore50/ko/Microsoft.CSharp.xml",
        "ref/netcore50/ru/Microsoft.CSharp.xml",
        "ref/netcore50/zh-hans/Microsoft.CSharp.xml",
        "ref/netcore50/zh-hant/Microsoft.CSharp.xml",
        "ref/netcoreapp2.0/_._",
        "ref/netstandard1.0/Microsoft.CSharp.dll",
        "ref/netstandard1.0/Microsoft.CSharp.xml",
        "ref/netstandard1.0/de/Microsoft.CSharp.xml",
        "ref/netstandard1.0/es/Microsoft.CSharp.xml",
        "ref/netstandard1.0/fr/Microsoft.CSharp.xml",
        "ref/netstandard1.0/it/Microsoft.CSharp.xml",
        "ref/netstandard1.0/ja/Microsoft.CSharp.xml",
        "ref/netstandard1.0/ko/Microsoft.CSharp.xml",
        "ref/netstandard1.0/ru/Microsoft.CSharp.xml",
        "ref/netstandard1.0/zh-hans/Microsoft.CSharp.xml",
        "ref/netstandard1.0/zh-hant/Microsoft.CSharp.xml",
        "ref/netstandard2.0/Microsoft.CSharp.dll",
        "ref/netstandard2.0/Microsoft.CSharp.xml",
        "ref/portable-net45+win8+wp8+wpa81/_._",
        "ref/uap10.0.16299/_._",
        "ref/win8/_._",
        "ref/wp80/_._",
        "ref/wpa81/_._",
        "ref/xamarinios10/_._",
        "ref/xamarinmac20/_._",
        "ref/xamarintvos10/_._",
        "ref/xamarinwatchos10/_._",
        "useSharedDesignerContext.txt",
        "version.txt"
      ]
    },
    "Microsoft.Extensions.Configuration/3.0.0": {
      "sha512": "KECbOpM0EySVbKTQDN9o0swdnZpwpdhuYngnnJGzXdcAc+JR1mv7iF4lOyK00KSH8OZjobO0TUeo3mn7J2rdrA==",
      "type": "package",
      "path": "microsoft.extensions.configuration/3.0.0",
      "files": [
        ".nupkg.metadata",
        ".signature.p7s",
        "lib/netcoreapp3.0/Microsoft.Extensions.Configuration.dll",
        "lib/netcoreapp3.0/Microsoft.Extensions.Configuration.xml",
        "lib/netstandard2.0/Microsoft.Extensions.Configuration.dll",
        "lib/netstandard2.0/Microsoft.Extensions.Configuration.xml",
        "microsoft.extensions.configuration.3.0.0.nupkg.sha512",
        "microsoft.extensions.configuration.nuspec"
      ]
    },
    "Microsoft.Extensions.Configuration.Abstractions/3.0.0": {
      "sha512": "Lge/PbXC53jI1MF2J92X5EZOeKV8Q/rlB1aV3H9I/ZTDyQGOyBcL03IAvnviWpHKj43BDkNy6kU2KKoh8kAS0g==",
      "type": "package",
      "path": "microsoft.extensions.configuration.abstractions/3.0.0",
      "files": [
        ".nupkg.metadata",
        ".signature.p7s",
        "lib/netcoreapp3.0/Microsoft.Extensions.Configuration.Abstractions.dll",
        "lib/netcoreapp3.0/Microsoft.Extensions.Configuration.Abstractions.xml",
        "lib/netstandard2.0/Microsoft.Extensions.Configuration.Abstractions.dll",
        "lib/netstandard2.0/Microsoft.Extensions.Configuration.Abstractions.xml",
        "microsoft.extensions.configuration.abstractions.3.0.0.nupkg.sha512",
        "microsoft.extensions.configuration.abstractions.nuspec"
      ]
    },
    "Microsoft.Extensions.Configuration.Binder/3.0.0": {
      "sha512": "iw3UL25Cw9GBILJOs8srwcId2UCz5+BxTu//EN5dO2dOFNtHcNJgnUiqIlmcGi0orIco0pDuDXuIDvhkrY/sGQ==",
      "type": "package",
      "path": "microsoft.extensions.configuration.binder/3.0.0",
      "files": [
        ".nupkg.metadata",
        ".signature.p7s",
        "lib/netcoreapp3.0/Microsoft.Extensions.Configuration.Binder.dll",
        "lib/netcoreapp3.0/Microsoft.Extensions.Configuration.Binder.xml",
        "lib/netstandard2.0/Microsoft.Extensions.Configuration.Binder.dll",
        "lib/netstandard2.0/Microsoft.Extensions.Configuration.Binder.xml",
        "microsoft.extensions.configuration.binder.3.0.0.nupkg.sha512",
        "microsoft.extensions.configuration.binder.nuspec"
      ]
    },
    "Microsoft.Extensions.DependencyInjection/3.0.0": {
      "sha512": "yDsuNA/BT4j9qrcRs0NUNHQAJfywFWX18ZZ+shxXJL+/nIfz3vhuRTfnYgvFeQlNBlgmgdSjOcs4ajgoS6Q/Ng==",
      "type": "package",
      "path": "microsoft.extensions.dependencyinjection/3.0.0",
      "files": [
        ".nupkg.metadata",
        ".signature.p7s",
        "lib/net461/Microsoft.Extensions.DependencyInjection.dll",
        "lib/net461/Microsoft.Extensions.DependencyInjection.xml",
        "lib/netcoreapp3.0/Microsoft.Extensions.DependencyInjection.dll",
        "lib/netcoreapp3.0/Microsoft.Extensions.DependencyInjection.xml",
        "lib/netstandard2.0/Microsoft.Extensions.DependencyInjection.dll",
        "lib/netstandard2.0/Microsoft.Extensions.DependencyInjection.xml",
        "microsoft.extensions.dependencyinjection.3.0.0.nupkg.sha512",
        "microsoft.extensions.dependencyinjection.nuspec"
      ]
    },
    "Microsoft.Extensions.DependencyInjection.Abstractions/3.0.0": {
      "sha512": "ofQRroDlzJ0xKOtzNuaVt6QKNImFkhkG0lIMpGl7PtXnIf5SuLWBeiQZAP8DNSxDBJJdcsPkiJiMYK2WA5H8dQ==",
      "type": "package",
      "path": "microsoft.extensions.dependencyinjection.abstractions/3.0.0",
      "files": [
        ".nupkg.metadata",
        ".signature.p7s",
        "lib/netstandard2.0/Microsoft.Extensions.DependencyInjection.Abstractions.dll",
        "lib/netstandard2.0/Microsoft.Extensions.DependencyInjection.Abstractions.xml",
        "microsoft.extensions.dependencyinjection.abstractions.3.0.0.nupkg.sha512",
        "microsoft.extensions.dependencyinjection.abstractions.nuspec"
      ]
    },
    "Microsoft.Extensions.FileProviders.Abstractions/3.0.0": {
      "sha512": "kahEeykb6FyQytoZNNXuz74X85B4weIEt8Kd+0klK48bkXDWOIHAOvNjlGsPMcS9CL935Te8QGQS83JqCbpdHA==",
      "type": "package",
      "path": "microsoft.extensions.fileproviders.abstractions/3.0.0",
      "files": [
        ".nupkg.metadata",
        ".signature.p7s",
        "lib/netcoreapp3.0/Microsoft.Extensions.FileProviders.Abstractions.dll",
        "lib/netcoreapp3.0/Microsoft.Extensions.FileProviders.Abstractions.xml",
        "lib/netstandard2.0/Microsoft.Extensions.FileProviders.Abstractions.dll",
        "lib/netstandard2.0/Microsoft.Extensions.FileProviders.Abstractions.xml",
        "microsoft.extensions.fileproviders.abstractions.3.0.0.nupkg.sha512",
        "microsoft.extensions.fileproviders.abstractions.nuspec"
      ]
    },
    "Microsoft.Extensions.Hosting.Abstractions/3.0.0": {
      "sha512": "qeDWS5ErmkUN96BdQqpmeCmLk5HJWQ/SPw3ux5v5/Qb0hKZS5wojBMulnBC7JUEiBwg7Ir71Yjf1lFiRT5MdtQ==",
      "type": "package",
      "path": "microsoft.extensions.hosting.abstractions/3.0.0",
      "files": [
        ".nupkg.metadata",
        ".signature.p7s",
        "lib/netcoreapp3.0/Microsoft.Extensions.Hosting.Abstractions.dll",
        "lib/netcoreapp3.0/Microsoft.Extensions.Hosting.Abstractions.xml",
        "lib/netstandard2.0/Microsoft.Extensions.Hosting.Abstractions.dll",
        "lib/netstandard2.0/Microsoft.Extensions.Hosting.Abstractions.xml",
        "microsoft.extensions.hosting.abstractions.3.0.0.nupkg.sha512",
        "microsoft.extensions.hosting.abstractions.nuspec"
      ]
    },
    "Microsoft.Extensions.Logging/3.0.0": {
      "sha512": "rxs1i2denq0Sv0XMvAeISK7AskV5x7aihvlIlepJKFfkbE6PgbeXfPOElD0kf3Wr2Roo57ASQa5xUL9LTHWChA==",
      "type": "package",
      "path": "microsoft.extensions.logging/3.0.0",
      "files": [
        ".nupkg.metadata",
        ".signature.p7s",
        "lib/netcoreapp3.0/Microsoft.Extensions.Logging.dll",
        "lib/netcoreapp3.0/Microsoft.Extensions.Logging.xml",
        "lib/netstandard2.0/Microsoft.Extensions.Logging.dll",
        "lib/netstandard2.0/Microsoft.Extensions.Logging.xml",
        "microsoft.extensions.logging.3.0.0.nupkg.sha512",
        "microsoft.extensions.logging.nuspec"
      ]
    },
    "Microsoft.Extensions.Logging.Abstractions/3.0.0": {
      "sha512": "+PsosTYZn+omucI0ff9eywo9QcPLwcbIWf7dz7ZLM1zGR8gVZXJ3wo6+tkuIedUNW5iWENlVJPEvrGjiVeoNNQ==",
      "type": "package",
      "path": "microsoft.extensions.logging.abstractions/3.0.0",
      "files": [
        ".nupkg.metadata",
        ".signature.p7s",
        "lib/netstandard2.0/Microsoft.Extensions.Logging.Abstractions.dll",
        "lib/netstandard2.0/Microsoft.Extensions.Logging.Abstractions.xml",
        "microsoft.extensions.logging.abstractions.3.0.0.nupkg.sha512",
        "microsoft.extensions.logging.abstractions.nuspec"
      ]
    },
    "Microsoft.Extensions.Options/3.0.0": {
      "sha512": "aZuVhN/TC872Yb55nrb7an82sfSAdNYxIyzu3zbYHOnhwal5hdkBUxzuoYj1khI2sw0tWq6i82i624zEFmiJhg==",
      "type": "package",
      "path": "microsoft.extensions.options/3.0.0",
      "files": [
        ".nupkg.metadata",
        ".signature.p7s",
        "lib/netcoreapp3.0/Microsoft.Extensions.Options.dll",
        "lib/netcoreapp3.0/Microsoft.Extensions.Options.xml",
        "lib/netstandard2.0/Microsoft.Extensions.Options.dll",
        "lib/netstandard2.0/Microsoft.Extensions.Options.xml",
        "microsoft.extensions.options.3.0.0.nupkg.sha512",
        "microsoft.extensions.options.nuspec"
      ]
    },
    "Microsoft.Extensions.Primitives/3.0.0": {
      "sha512": "6gwewTbmOh+ZVBicVkL1XRp79sx4O7BVY6Yy+7OYZdwn3pyOKe9lOam+3gXJ3TZMjhJZdV0Ub8hxHt2vkrmN5Q==",
      "type": "package",
      "path": "microsoft.extensions.primitives/3.0.0",
      "files": [
        ".nupkg.metadata",
        ".signature.p7s",
        "lib/netcoreapp3.0/Microsoft.Extensions.Primitives.dll",
        "lib/netcoreapp3.0/Microsoft.Extensions.Primitives.xml",
        "lib/netstandard2.0/Microsoft.Extensions.Primitives.dll",
        "lib/netstandard2.0/Microsoft.Extensions.Primitives.xml",
        "microsoft.extensions.primitives.3.0.0.nupkg.sha512",
        "microsoft.extensions.primitives.nuspec"
      ]
    },
    "Microsoft.NETCore.Platforms/3.0.0": {
      "sha512": "TsETIgVJb/AKoYfSP+iCxkuly5d3inZjTdx/ItZLk2CxY85v8083OBS3uai84kK3/baLnS5/b5XGs6zR7SuuHQ==",
      "type": "package",
      "path": "microsoft.netcore.platforms/3.0.0",
      "files": [
        ".nupkg.metadata",
        ".signature.p7s",
        "LICENSE.TXT",
        "THIRD-PARTY-NOTICES.TXT",
        "lib/netstandard1.0/_._",
        "microsoft.netcore.platforms.3.0.0.nupkg.sha512",
        "microsoft.netcore.platforms.nuspec",
        "runtime.json",
        "useSharedDesignerContext.txt",
        "version.txt"
      ]
    },
    "Microsoft.Win32.SystemEvents/4.6.0": {
      "sha512": "Edg+pFW5C8WJb680Za2kTV8TqUi6Ahl/WldRVoOVJ23UQLpDHFspa+umgFjkWZw24ETsU99Cg+ErZz683M4chg==",
      "type": "package",
      "path": "microsoft.win32.systemevents/4.6.0",
      "files": [
        ".nupkg.metadata",
        ".signature.p7s",
        "LICENSE.TXT",
        "THIRD-PARTY-NOTICES.TXT",
        "lib/net461/Microsoft.Win32.SystemEvents.dll",
        "lib/net461/Microsoft.Win32.SystemEvents.xml",
        "lib/netstandard2.0/Microsoft.Win32.SystemEvents.dll",
        "lib/netstandard2.0/Microsoft.Win32.SystemEvents.xml",
        "microsoft.win32.systemevents.4.6.0.nupkg.sha512",
        "microsoft.win32.systemevents.nuspec",
        "ref/net461/Microsoft.Win32.SystemEvents.dll",
        "ref/net461/Microsoft.Win32.SystemEvents.xml",
        "ref/net472/Microsoft.Win32.SystemEvents.dll",
        "ref/net472/Microsoft.Win32.SystemEvents.xml",
        "ref/netstandard2.0/Microsoft.Win32.SystemEvents.dll",
        "ref/netstandard2.0/Microsoft.Win32.SystemEvents.xml",
        "runtimes/win/lib/netcoreapp2.0/Microsoft.Win32.SystemEvents.dll",
        "runtimes/win/lib/netcoreapp2.0/Microsoft.Win32.SystemEvents.xml",
        "runtimes/win/lib/netcoreapp3.0/Microsoft.Win32.SystemEvents.dll",
        "runtimes/win/lib/netcoreapp3.0/Microsoft.Win32.SystemEvents.xml",
        "useSharedDesignerContext.txt",
        "version.txt"
      ]
    },
    "System.Collections.Immutable/1.5.0": {
      "sha512": "EXKiDFsChZW0RjrZ4FYHu9aW6+P4MCgEDCklsVseRfhoO0F+dXeMSsMRAlVXIo06kGJ/zv+2w1a2uc2+kxxSaQ==",
      "type": "package",
      "path": "system.collections.immutable/1.5.0",
      "files": [
        ".nupkg.metadata",
        ".signature.p7s",
        "LICENSE.TXT",
        "THIRD-PARTY-NOTICES.TXT",
        "lib/netstandard1.0/System.Collections.Immutable.dll",
        "lib/netstandard1.0/System.Collections.Immutable.xml",
        "lib/netstandard1.3/System.Collections.Immutable.dll",
        "lib/netstandard1.3/System.Collections.Immutable.xml",
        "lib/netstandard2.0/System.Collections.Immutable.dll",
        "lib/netstandard2.0/System.Collections.Immutable.xml",
        "lib/portable-net45+win8+wp8+wpa81/System.Collections.Immutable.dll",
        "lib/portable-net45+win8+wp8+wpa81/System.Collections.Immutable.xml",
        "system.collections.immutable.1.5.0.nupkg.sha512",
        "system.collections.immutable.nuspec",
        "useSharedDesignerContext.txt",
        "version.txt"
      ]
    },
    "System.ComponentModel.Composition/4.6.0": {
      "sha512": "xrLifQcKzXNinIunzLhgA4T0s0ZjkDdMq93mV8HkrfR6j0E7XVO3nIXorqkcqhdZI8HCQWUo00EHLQcegu9VIg==",
      "type": "package",
      "path": "system.componentmodel.composition/4.6.0",
      "files": [
        ".nupkg.metadata",
        ".signature.p7s",
        "LICENSE.TXT",
        "THIRD-PARTY-NOTICES.TXT",
        "lib/MonoAndroid10/_._",
        "lib/MonoTouch10/_._",
        "lib/net45/_._",
        "lib/netcoreapp2.0/System.ComponentModel.Composition.dll",
        "lib/netcoreapp2.0/System.ComponentModel.Composition.xml",
        "lib/netstandard2.0/System.ComponentModel.Composition.dll",
        "lib/netstandard2.0/System.ComponentModel.Composition.xml",
        "lib/uap10.0.16299/_._",
        "lib/xamarinios10/_._",
        "lib/xamarinmac20/_._",
        "lib/xamarintvos10/_._",
        "lib/xamarinwatchos10/_._",
        "ref/MonoAndroid10/_._",
        "ref/MonoTouch10/_._",
        "ref/net45/_._",
        "ref/netstandard2.0/System.ComponentModel.Composition.dll",
        "ref/netstandard2.0/System.ComponentModel.Composition.xml",
        "ref/uap10.0.16299/_._",
        "ref/xamarinios10/_._",
        "ref/xamarinmac20/_._",
        "ref/xamarintvos10/_._",
        "ref/xamarinwatchos10/_._",
        "system.componentmodel.composition.4.6.0.nupkg.sha512",
        "system.componentmodel.composition.nuspec",
        "useSharedDesignerContext.txt",
        "version.txt"
      ]
    },
    "System.Drawing.Common/4.6.0": {
      "sha512": "2A3spjjoPZnvpVh/sDTzd+0H8ZqTdr+hH/6obB8MMfG81EJ85PmxCKDBxhBVQiA25PliKAZ1sKogDcq9mSnFEA==",
      "type": "package",
      "path": "system.drawing.common/4.6.0",
      "files": [
        ".nupkg.metadata",
        ".signature.p7s",
        "LICENSE.TXT",
        "THIRD-PARTY-NOTICES.TXT",
        "lib/MonoAndroid10/_._",
        "lib/MonoTouch10/_._",
        "lib/net461/System.Drawing.Common.dll",
        "lib/netstandard2.0/System.Drawing.Common.dll",
        "lib/xamarinios10/_._",
        "lib/xamarinmac20/_._",
        "lib/xamarintvos10/_._",
        "lib/xamarinwatchos10/_._",
        "ref/MonoAndroid10/_._",
        "ref/MonoTouch10/_._",
        "ref/net461/System.Drawing.Common.dll",
        "ref/netcoreapp3.0/System.Drawing.Common.dll",
        "ref/netcoreapp3.0/System.Drawing.Common.xml",
        "ref/netstandard2.0/System.Drawing.Common.dll",
        "ref/xamarinios10/_._",
        "ref/xamarinmac20/_._",
        "ref/xamarintvos10/_._",
        "ref/xamarinwatchos10/_._",
        "runtimes/unix/lib/netcoreapp2.0/System.Drawing.Common.dll",
        "runtimes/unix/lib/netcoreapp3.0/System.Drawing.Common.dll",
        "runtimes/unix/lib/netcoreapp3.0/System.Drawing.Common.xml",
        "runtimes/win/lib/netcoreapp2.0/System.Drawing.Common.dll",
        "runtimes/win/lib/netcoreapp3.0/System.Drawing.Common.dll",
        "runtimes/win/lib/netcoreapp3.0/System.Drawing.Common.xml",
        "system.drawing.common.4.6.0.nupkg.sha512",
        "system.drawing.common.nuspec",
        "useSharedDesignerContext.txt",
        "version.txt"
      ]
    },
    "System.Memory/4.5.1": {
      "sha512": "sDJYJpGtTgx+23Ayu5euxG5mAXWdkDb4+b0rD0Cab0M1oQS9H0HXGPriKcqpXuiJDTV7fTp/d+fMDJmnr6sNvA==",
      "type": "package",
      "path": "system.memory/4.5.1",
      "files": [
        ".nupkg.metadata",
        ".signature.p7s",
        "LICENSE.TXT",
        "THIRD-PARTY-NOTICES.TXT",
        "lib/netcoreapp2.1/_._",
        "lib/netstandard1.1/System.Memory.dll",
        "lib/netstandard1.1/System.Memory.xml",
        "lib/netstandard2.0/System.Memory.dll",
        "lib/netstandard2.0/System.Memory.xml",
        "ref/netcoreapp2.1/_._",
        "ref/netstandard1.1/System.Memory.dll",
        "ref/netstandard1.1/System.Memory.xml",
        "ref/netstandard2.0/System.Memory.dll",
        "ref/netstandard2.0/System.Memory.xml",
        "system.memory.4.5.1.nupkg.sha512",
        "system.memory.nuspec",
        "useSharedDesignerContext.txt",
        "version.txt"
      ]
    },
    "System.Reflection.Metadata/1.6.0": {
      "sha512": "COC1aiAJjCoA5GBF+QKL2uLqEBew4JsCkQmoHKbN3TlOZKa2fKLz5CpiRQKDz0RsAOEGsVKqOD5bomsXq/4STQ==",
      "type": "package",
      "path": "system.reflection.metadata/1.6.0",
      "files": [
        ".nupkg.metadata",
        ".signature.p7s",
        "LICENSE.TXT",
        "THIRD-PARTY-NOTICES.TXT",
        "lib/netstandard1.1/System.Reflection.Metadata.dll",
        "lib/netstandard1.1/System.Reflection.Metadata.xml",
        "lib/netstandard2.0/System.Reflection.Metadata.dll",
        "lib/netstandard2.0/System.Reflection.Metadata.xml",
        "lib/portable-net45+win8/System.Reflection.Metadata.dll",
        "lib/portable-net45+win8/System.Reflection.Metadata.xml",
        "system.reflection.metadata.1.6.0.nupkg.sha512",
        "system.reflection.metadata.nuspec",
        "useSharedDesignerContext.txt",
        "version.txt"
      ]
    },
    "System.Resources.Extensions/4.6.0": {
      "sha512": "6aVCk8oTFZNT3Tx1jjiPi6+aipiJ3qMZYttAREKTRJidP50YvNeOn4PXrqzfA5qC23fLReq2JYp+nJwzj62HGw==",
      "type": "package",
      "path": "system.resources.extensions/4.6.0",
      "files": [
        ".nupkg.metadata",
        ".signature.p7s",
        "LICENSE.TXT",
        "THIRD-PARTY-NOTICES.TXT",
        "lib/netstandard2.0/System.Resources.Extensions.dll",
        "lib/netstandard2.0/System.Resources.Extensions.xml",
        "ref/netstandard2.0/System.Resources.Extensions.dll",
        "ref/netstandard2.0/System.Resources.Extensions.xml",
        "system.resources.extensions.4.6.0.nupkg.sha512",
        "system.resources.extensions.nuspec",
        "useSharedDesignerContext.txt",
        "version.txt"
      ]
    },
    "System.Runtime.CompilerServices.Unsafe/4.5.0": {
      "sha512": "YrzNWduCDHhUaSRBxHxL11UkM2fD6y8hITHis4/LbQZ6vj3vdRjoH3IoPWWC9uDXK2wHIqn+b5gv1Np/VKyM1g==",
      "type": "package",
      "path": "system.runtime.compilerservices.unsafe/4.5.0",
      "files": [
        ".nupkg.metadata",
        ".signature.p7s",
        "LICENSE.TXT",
        "THIRD-PARTY-NOTICES.TXT",
        "lib/netcoreapp2.0/System.Runtime.CompilerServices.Unsafe.dll",
        "lib/netcoreapp2.0/System.Runtime.CompilerServices.Unsafe.xml",
        "lib/netstandard1.0/System.Runtime.CompilerServices.Unsafe.dll",
        "lib/netstandard1.0/System.Runtime.CompilerServices.Unsafe.xml",
        "lib/netstandard2.0/System.Runtime.CompilerServices.Unsafe.dll",
        "lib/netstandard2.0/System.Runtime.CompilerServices.Unsafe.xml",
        "lib/uap10.0.16300/_._",
        "ref/netstandard1.0/System.Runtime.CompilerServices.Unsafe.dll",
        "ref/netstandard1.0/System.Runtime.CompilerServices.Unsafe.xml",
        "ref/netstandard2.0/System.Runtime.CompilerServices.Unsafe.dll",
        "ref/netstandard2.0/System.Runtime.CompilerServices.Unsafe.xml",
        "ref/uap10.0.16300/_._",
        "system.runtime.compilerservices.unsafe.4.5.0.nupkg.sha512",
        "system.runtime.compilerservices.unsafe.nuspec",
        "useSharedDesignerContext.txt",
        "version.txt"
      ]
    },
    "System.Text.Encoding.CodePages/4.5.0": {
      "sha512": "S0wEUiKcLvRlkFUXca8uio1UQ5bYQzYgOmOKtCqaBQC3GR9AJjh43otcM32IGsAyvadFTaAMw9Irm6dS4Evfng==",
      "type": "package",
      "path": "system.text.encoding.codepages/4.5.0",
      "files": [
        ".nupkg.metadata",
        ".signature.p7s",
        "LICENSE.TXT",
        "THIRD-PARTY-NOTICES.TXT",
        "lib/MonoAndroid10/_._",
        "lib/MonoTouch10/_._",
        "lib/net46/System.Text.Encoding.CodePages.dll",
        "lib/net461/System.Text.Encoding.CodePages.dll",
        "lib/netstandard1.3/System.Text.Encoding.CodePages.dll",
        "lib/netstandard2.0/System.Text.Encoding.CodePages.dll",
        "lib/xamarinios10/_._",
        "lib/xamarinmac20/_._",
        "lib/xamarintvos10/_._",
        "lib/xamarinwatchos10/_._",
        "ref/MonoAndroid10/_._",
        "ref/MonoTouch10/_._",
        "ref/netstandard1.3/System.Text.Encoding.CodePages.dll",
        "ref/netstandard1.3/System.Text.Encoding.CodePages.xml",
        "ref/netstandard1.3/de/System.Text.Encoding.CodePages.xml",
        "ref/netstandard1.3/es/System.Text.Encoding.CodePages.xml",
        "ref/netstandard1.3/fr/System.Text.Encoding.CodePages.xml",
        "ref/netstandard1.3/it/System.Text.Encoding.CodePages.xml",
        "ref/netstandard1.3/ja/System.Text.Encoding.CodePages.xml",
        "ref/netstandard1.3/ko/System.Text.Encoding.CodePages.xml",
        "ref/netstandard1.3/ru/System.Text.Encoding.CodePages.xml",
        "ref/netstandard1.3/zh-hans/System.Text.Encoding.CodePages.xml",
        "ref/netstandard1.3/zh-hant/System.Text.Encoding.CodePages.xml",
        "ref/netstandard2.0/System.Text.Encoding.CodePages.dll",
        "ref/netstandard2.0/System.Text.Encoding.CodePages.xml",
        "ref/xamarinios10/_._",
        "ref/xamarinmac20/_._",
        "ref/xamarintvos10/_._",
        "ref/xamarinwatchos10/_._",
        "runtimes/win/lib/net461/System.Text.Encoding.CodePages.dll",
        "runtimes/win/lib/netcoreapp2.0/System.Text.Encoding.CodePages.dll",
        "runtimes/win/lib/netstandard1.3/System.Text.Encoding.CodePages.dll",
        "runtimes/win/lib/netstandard2.0/System.Text.Encoding.CodePages.dll",
        "system.text.encoding.codepages.4.5.0.nupkg.sha512",
        "system.text.encoding.codepages.nuspec",
        "useSharedDesignerContext.txt",
        "version.txt"
      ]
    },
    "System.Threading.Tasks.Extensions/4.5.0": {
      "sha512": "csAJe24tWCOTO/rXoJAuBGuOq7ZdHY60XtC6b/hNMHT9tuX+2J9HK7nciLEtNvnrRLMxBACLXO3R4y5+kCduMA==",
      "type": "package",
      "path": "system.threading.tasks.extensions/4.5.0",
      "files": [
        ".nupkg.metadata",
        ".signature.p7s",
        "LICENSE.TXT",
        "THIRD-PARTY-NOTICES.TXT",
        "lib/netcoreapp2.1/_._",
        "lib/netstandard1.0/System.Threading.Tasks.Extensions.dll",
        "lib/netstandard1.0/System.Threading.Tasks.Extensions.xml",
        "lib/netstandard2.0/System.Threading.Tasks.Extensions.dll",
        "lib/netstandard2.0/System.Threading.Tasks.Extensions.xml",
        "lib/portable-net45+win8+wp8+wpa81/System.Threading.Tasks.Extensions.dll",
        "lib/portable-net45+win8+wp8+wpa81/System.Threading.Tasks.Extensions.xml",
        "lib/uap10.0.16300/_._",
        "ref/netcoreapp2.1/_._",
        "ref/netstandard1.0/System.Threading.Tasks.Extensions.dll",
        "ref/netstandard1.0/System.Threading.Tasks.Extensions.xml",
        "ref/netstandard2.0/System.Threading.Tasks.Extensions.dll",
        "ref/netstandard2.0/System.Threading.Tasks.Extensions.xml",
        "ref/uap10.0.16300/_._",
        "system.threading.tasks.extensions.4.5.0.nupkg.sha512",
        "system.threading.tasks.extensions.nuspec",
        "useSharedDesignerContext.txt",
        "version.txt"
      ]
    },
    "Fireasy.Common/2.2.5": {
      "type": "project",
      "path": "../Fireasy.Common/Fireasy.Common.csproj",
      "msbuildProject": "../Fireasy.Common/Fireasy.Common.csproj"
    }
  },
  "projectFileDependencyGroups": {
    ".NETCoreApp,Version=v3.0": [
      "Fireasy.Common >= 2.2.5",
      "System.Resources.Extensions >= 4.6.0"
    ]
  },
  "packageFolders": {
    "D:\\.nuget\\packages": {},
    "C:\\Program Files\\dotnet\\sdk\\NuGetFallbackFolder": {}
  },
  "project": {
    "version": "2.2.5",
    "restore": {
      "projectUniqueName": "D:\\FAIB\\组件\\framework\\src\\Fireasy.Windows.Forms\\Fireasy.Windows.Forms.csproj",
      "projectName": "Fireasy.Windows.Forms",
      "projectPath": "D:\\FAIB\\组件\\framework\\src\\Fireasy.Windows.Forms\\Fireasy.Windows.Forms.csproj",
      "packagesPath": "D:\\.nuget\\packages",
      "outputPath": "D:\\FAIB\\组件\\framework\\src\\Fireasy.Windows.Forms",
      "projectStyle": "PackageReference",
      "fallbackFolders": [
        "C:\\Program Files\\dotnet\\sdk\\NuGetFallbackFolder"
      ],
      "configFilePaths": [
        "C:\\Users\\faib\\AppData\\Roaming\\NuGet\\NuGet.Config",
        "C:\\Program Files (x86)\\NuGet\\Config\\Microsoft.VisualStudio.Offline.config",
        "C:\\Program Files (x86)\\NuGet\\Config\\NuGet.Config"
      ],
      "originalTargetFrameworks": [
        "netcoreapp3.0"
      ],
      "sources": {
        "https://api.nuget.org/v3/index.json": {}
      },
      "frameworks": {
        "netcoreapp3.0": {
          "targetAlias": "netcoreapp3.0",
          "projectReferences": {
            "D:\\FAIB\\组件\\framework\\src\\Fireasy.Common\\Fireasy.Common.csproj": {
              "projectPath": "D:\\FAIB\\组件\\framework\\src\\Fireasy.Common\\Fireasy.Common.csproj"
            }
          }
        }
      },
      "warningProperties": {
        "warnAsError": [
          "NU1605"
        ]
      }
    },
    "frameworks": {
      "netcoreapp3.0": {
        "targetAlias": "netcoreapp3.0",
        "dependencies": {
          "System.Resources.Extensions": {
            "target": "Package",
            "version": "[4.6.0, )"
          }
        },
        "imports": [
          "net461",
          "net462",
          "net47",
          "net471",
          "net472",
          "net48"
        ],
        "assetTargetFallback": true,
        "warn": true,
        "downloadDependencies": [
          {
            "name": "Microsoft.AspNetCore.App.Ref",
            "version": "[3.0.1, 3.0.1]"
          }
        ],
        "frameworkReferences": {
          "Microsoft.NETCore.App": {
            "privateAssets": "all"
          },
          "Microsoft.WindowsDesktop.App.WindowsForms": {
            "privateAssets": "none"
          }
        },
        "runtimeIdentifierGraphPath": "C:\\Program Files\\dotnet\\sdk\\3.1.100\\RuntimeIdentifierGraph.json"
      }
    }
  }
}